// !$*UTF8*$!
{
	archiveVersion = 1;
	classes = {
	};
	objectVersion = 46;
	objects = {

/* Begin PBXBuildFile section */
		AEDF66BB1AF4A3300021C01F /* main.m in Sources */ = {isa = PBXBuildFile; fileRef = AEDF66BA1AF4A3300021C01F /* main.m */; };
		AEDF66BE1AF4A3300021C01F /* AppDelegate.m in Sources */ = {isa = PBXBuildFile; fileRef = AEDF66BD1AF4A3300021C01F /* AppDelegate.m */; };
		AEDF66C11AF4A3300021C01F /* GameScene.m in Sources */ = {isa = PBXBuildFile; fileRef = AEDF66C01AF4A3300021C01F /* GameScene.m */; };
		AEDF66C31AF4A3300021C01F /* GameScene.sks in Resources */ = {isa = PBXBuildFile; fileRef = AEDF66C21AF4A3300021C01F /* GameScene.sks */; };
		AEDF66C61AF4A3300021C01F /* GameViewController.m in Sources */ = {isa = PBXBuildFile; fileRef = AEDF66C51AF4A3300021C01F /* GameViewController.m */; };
		AEDF66C91AF4A3300021C01F /* Main.storyboard in Resources */ = {isa = PBXBuildFile; fileRef = AEDF66C71AF4A3300021C01F /* Main.storyboard */; };
		AEDF66CB1AF4A3300021C01F /* Images.xcassets in Resources */ = {isa = PBXBuildFile; fileRef = AEDF66CA1AF4A3300021C01F /* Images.xcassets */; };
		AEDF66CE1AF4A3300021C01F /* LaunchScreen.xib in Resources */ = {isa = PBXBuildFile; fileRef = AEDF66CC1AF4A3300021C01F /* LaunchScreen.xib */; };
		AEDF66DA1AF4A3300021C01F /* Zombie_CongaTests.m in Sources */ = {isa = PBXBuildFile; fileRef = AEDF66D91AF4A3300021C01F /* Zombie_CongaTests.m */; };
		AEDF67021AF5C68E0021C01F /* background (Charlie Fulton's conflicted copy 2013-10-22).png in Resources */ = {isa = PBXBuildFile; fileRef = AEDF66E51AF5C68E0021C01F /* background (Charlie Fulton's conflicted copy 2013-10-22).png */; };
		AEDF67031AF5C68E0021C01F /* background.png in Resources */ = {isa = PBXBuildFile; fileRef = AEDF66E61AF5C68E0021C01F /* background.png */; };
		AEDF67041AF5C68E0021C01F /* background@2x (Charlie Fulton's conflicted copy 2013-10-22).png in Resources */ = {isa = PBXBuildFile; fileRef = AEDF66E71AF5C68E0021C01F /* background@2x (Charlie Fulton's conflicted copy 2013-10-22).png */; };
		AEDF67051AF5C68E0021C01F /* background@2x.png in Resources */ = {isa = PBXBuildFile; fileRef = AEDF66E81AF5C68E0021C01F /* background@2x.png */; };
		AEDF67061AF5C68E0021C01F /* MainMenu.png in Resources */ = {isa = PBXBuildFile; fileRef = AEDF66E91AF5C68E0021C01F /* MainMenu.png */; };
		AEDF67071AF5C68E0021C01F /* MainMenu@2x.png in Resources */ = {isa = PBXBuildFile; fileRef = AEDF66EA1AF5C68E0021C01F /* MainMenu@2x.png */; };
		AEDF67081AF5C68E0021C01F /* YouLose.png in Resources */ = {isa = PBXBuildFile; fileRef = AEDF66EB1AF5C68E0021C01F /* YouLose.png */; };
		AEDF67091AF5C68E0021C01F /* YouLose@2x.png in Resources */ = {isa = PBXBuildFile; fileRef = AEDF66EC1AF5C68E0021C01F /* YouLose@2x.png */; };
		AEDF670A1AF5C68E0021C01F /* YouWin.png in Resources */ = {isa = PBXBuildFile; fileRef = AEDF66ED1AF5C68E0021C01F /* YouWin.png */; };
		AEDF670B1AF5C68E0021C01F /* YouWin@2x.png in Resources */ = {isa = PBXBuildFile; fileRef = AEDF66EE1AF5C68E0021C01F /* YouWin@2x.png */; };
		AEDF670C1AF5C68E0021C01F /* bgMusic.mp3 in Resources */ = {isa = PBXBuildFile; fileRef = AEDF66F01AF5C68E0021C01F /* bgMusic.mp3 */; };
		AEDF670D1AF5C68E0021C01F /* hitCat.wav in Resources */ = {isa = PBXBuildFile; fileRef = AEDF66F11AF5C68E0021C01F /* hitCat.wav */; };
		AEDF670E1AF5C68E0021C01F /* hitCatLady.wav in Resources */ = {isa = PBXBuildFile; fileRef = AEDF66F21AF5C68E0021C01F /* hitCatLady.wav */; };
		AEDF670F1AF5C68E0021C01F /* lose.wav in Resources */ = {isa = PBXBuildFile; fileRef = AEDF66F31AF5C68E0021C01F /* lose.wav */; };
		AEDF67101AF5C68E0021C01F /* win.wav in Resources */ = {isa = PBXBuildFile; fileRef = AEDF66F41AF5C68E0021C01F /* win.wav */; };
		AEDF67111AF5C68E0021C01F /* cat.png in Resources */ = {isa = PBXBuildFile; fileRef = AEDF66F61AF5C68E0021C01F /* cat.png */; };
		AEDF67121AF5C68E0021C01F /* cat@2x.png in Resources */ = {isa = PBXBuildFile; fileRef = AEDF66F71AF5C68E0021C01F /* cat@2x.png */; };
		AEDF67131AF5C68E0021C01F /* enemy.png in Resources */ = {isa = PBXBuildFile; fileRef = AEDF66F81AF5C68E0021C01F /* enemy.png */; };
		AEDF67141AF5C68E0021C01F /* enemy@2x.png in Resources */ = {isa = PBXBuildFile; fileRef = AEDF66F91AF5C68E0021C01F /* enemy@2x.png */; };
		AEDF67151AF5C68E0021C01F /* zombie1.png in Resources */ = {isa = PBXBuildFile; fileRef = AEDF66FA1AF5C68E0021C01F /* zombie1.png */; };
		AEDF67161AF5C68E0021C01F /* zombie1@2x.png in Resources */ = {isa = PBXBuildFile; fileRef = AEDF66FB1AF5C68E0021C01F /* zombie1@2x.png */; };
		AEDF67171AF5C68E0021C01F /* zombie2.png in Resources */ = {isa = PBXBuildFile; fileRef = AEDF66FC1AF5C68E0021C01F /* zombie2.png */; };
		AEDF67181AF5C68E0021C01F /* zombie2@2x.png in Resources */ = {isa = PBXBuildFile; fileRef = AEDF66FD1AF5C68E0021C01F /* zombie2@2x.png */; };
		AEDF67191AF5C68E0021C01F /* zombie3.png in Resources */ = {isa = PBXBuildFile; fileRef = AEDF66FE1AF5C68E0021C01F /* zombie3.png */; };
		AEDF671A1AF5C68E0021C01F /* zombie3@2x.png in Resources */ = {isa = PBXBuildFile; fileRef = AEDF66FF1AF5C68E0021C01F /* zombie3@2x.png */; };
		AEDF671B1AF5C68E0021C01F /* zombie4.png in Resources */ = {isa = PBXBuildFile; fileRef = AEDF67001AF5C68E0021C01F /* zombie4.png */; };
		AEDF671C1AF5C68E0021C01F /* zombie4@2x.png in Resources */ = {isa = PBXBuildFile; fileRef = AEDF67011AF5C68E0021C01F /* zombie4@2x.png */; };
/* End PBXBuildFile section */

/* Begin PBXContainerItemProxy section */
		AEDF66D41AF4A3300021C01F /* PBXContainerItemProxy */ = {
			isa = PBXContainerItemProxy;
			containerPortal = AEDF66AD1AF4A3300021C01F /* Project object */;
			proxyType = 1;
			remoteGlobalIDString = AEDF66B41AF4A3300021C01F;
			remoteInfo = "Zombie Conga";
		};
/* End PBXContainerItemProxy section */

/* Begin PBXFileReference section */
		AEDF66B51AF4A3300021C01F /* Zombie Conga.app */ = {isa = PBXFileReference; explicitFileType = wrapper.application; includeInIndex = 0; path = "Zombie Conga.app"; sourceTree = BUILT_PRODUCTS_DIR; };
		AEDF66B91AF4A3300021C01F /* Info.plist */ = {isa = PBXFileReference; lastKnownFileType = text.plist.xml; path = Info.plist; sourceTree = "<group>"; };
		AEDF66BA1AF4A3300021C01F /* main.m */ = {isa = PBXFileReference; lastKnownFileType = sourcecode.c.objc; path = main.m; sourceTree = "<group>"; };
		AEDF66BC1AF4A3300021C01F /* AppDelegate.h */ = {isa = PBXFileReference; lastKnownFileType = sourcecode.c.h; path = AppDelegate.h; sourceTree = "<group>"; };
		AEDF66BD1AF4A3300021C01F /* AppDelegate.m */ = {isa = PBXFileReference; lastKnownFileType = sourcecode.c.objc; path = AppDelegate.m; sourceTree = "<group>"; };
		AEDF66BF1AF4A3300021C01F /* GameScene.h */ = {isa = PBXFileReference; lastKnownFileType = sourcecode.c.h; path = GameScene.h; sourceTree = "<group>"; };
		AEDF66C01AF4A3300021C01F /* GameScene.m */ = {isa = PBXFileReference; lastKnownFileType = sourcecode.c.objc; path = GameScene.m; sourceTree = "<group>"; };
		AEDF66C21AF4A3300021C01F /* GameScene.sks */ = {isa = PBXFileReference; lastKnownFileType = file.sks; path = GameScene.sks; sourceTree = "<group>"; };
		AEDF66C41AF4A3300021C01F /* GameViewController.h */ = {isa = PBXFileReference; lastKnownFileType = sourcecode.c.h; path = GameViewController.h; sourceTree = "<group>"; };
		AEDF66C51AF4A3300021C01F /* GameViewController.m */ = {isa = PBXFileReference; lastKnownFileType = sourcecode.c.objc; path = GameViewController.m; sourceTree = "<group>"; };
		AEDF66C81AF4A3300021C01F /* Base */ = {isa = PBXFileReference; lastKnownFileType = file.storyboard; name = Base; path = Base.lproj/Main.storyboard; sourceTree = "<group>"; };
		AEDF66CA1AF4A3300021C01F /* Images.xcassets */ = {isa = PBXFileReference; lastKnownFileType = folder.assetcatalog; path = Images.xcassets; sourceTree = "<group>"; };
		AEDF66CD1AF4A3300021C01F /* Base */ = {isa = PBXFileReference; lastKnownFileType = file.xib; name = Base; path = Base.lproj/LaunchScreen.xib; sourceTree = "<group>"; };
		AEDF66D31AF4A3300021C01F /* Zombie CongaTests.xctest */ = {isa = PBXFileReference; explicitFileType = wrapper.cfbundle; includeInIndex = 0; path = "Zombie CongaTests.xctest"; sourceTree = BUILT_PRODUCTS_DIR; };
		AEDF66D81AF4A3300021C01F /* Info.plist */ = {isa = PBXFileReference; lastKnownFileType = text.plist.xml; path = Info.plist; sourceTree = "<group>"; };
		AEDF66D91AF4A3300021C01F /* Zombie_CongaTests.m */ = {isa = PBXFileReference; lastKnownFileType = sourcecode.c.objc; path = Zombie_CongaTests.m; sourceTree = "<group>"; };
		AEDF66E51AF5C68E0021C01F /* background (Charlie Fulton's conflicted copy 2013-10-22).png */ = {isa = PBXFileReference; lastKnownFileType = image.png; path = "background (Charlie Fulton's conflicted copy 2013-10-22).png"; sourceTree = "<group>"; };
		AEDF66E61AF5C68E0021C01F /* background.png */ = {isa = PBXFileReference; lastKnownFileType = image.png; path = background.png; sourceTree = "<group>"; };
		AEDF66E71AF5C68E0021C01F /* background@2x (Charlie Fulton's conflicted copy 2013-10-22).png */ = {isa = PBXFileReference; lastKnownFileType = image.png; path = "background@2x (Charlie Fulton's conflicted copy 2013-10-22).png"; sourceTree = "<group>"; };
		AEDF66E81AF5C68E0021C01F /* background@2x.png */ = {isa = PBXFileReference; lastKnownFileType = image.png; path = "background@2x.png"; sourceTree = "<group>"; };
		AEDF66E91AF5C68E0021C01F /* MainMenu.png */ = {isa = PBXFileReference; lastKnownFileType = image.png; path = MainMenu.png; sourceTree = "<group>"; };
		AEDF66EA1AF5C68E0021C01F /* MainMenu@2x.png */ = {isa = PBXFileReference; lastKnownFileType = image.png; path = "MainMenu@2x.png"; sourceTree = "<group>"; };
		AEDF66EB1AF5C68E0021C01F /* YouLose.png */ = {isa = PBXFileReference; lastKnownFileType = image.png; path = YouLose.png; sourceTree = "<group>"; };
		AEDF66EC1AF5C68E0021C01F /* YouLose@2x.png */ = {isa = PBXFileReference; lastKnownFileType = image.png; path = "YouLose@2x.png"; sourceTree = "<group>"; };
		AEDF66ED1AF5C68E0021C01F /* YouWin.png */ = {isa = PBXFileReference; lastKnownFileType = image.png; path = YouWin.png; sourceTree = "<group>"; };
		AEDF66EE1AF5C68E0021C01F /* YouWin@2x.png */ = {isa = PBXFileReference; lastKnownFileType = image.png; path = "YouWin@2x.png"; sourceTree = "<group>"; };
		AEDF66F01AF5C68E0021C01F /* bgMusic.mp3 */ = {isa = PBXFileReference; lastKnownFileType = audio.mp3; path = bgMusic.mp3; sourceTree = "<group>"; };
		AEDF66F11AF5C68E0021C01F /* hitCat.wav */ = {isa = PBXFileReference; lastKnownFileType = audio.wav; path = hitCat.wav; sourceTree = "<group>"; };
		AEDF66F21AF5C68E0021C01F /* hitCatLady.wav */ = {isa = PBXFileReference; lastKnownFileType = audio.wav; path = hitCatLady.wav; sourceTree = "<group>"; };
		AEDF66F31AF5C68E0021C01F /* lose.wav */ = {isa = PBXFileReference; lastKnownFileType = audio.wav; path = lose.wav; sourceTree = "<group>"; };
		AEDF66F41AF5C68E0021C01F /* win.wav */ = {isa = PBXFileReference; lastKnownFileType = audio.wav; path = win.wav; sourceTree = "<group>"; };
		AEDF66F61AF5C68E0021C01F /* cat.png */ = {isa = PBXFileReference; lastKnownFileType = image.png; path = cat.png; sourceTree = "<group>"; };
		AEDF66F71AF5C68E0021C01F /* cat@2x.png */ = {isa = PBXFileReference; lastKnownFileType = image.png; path = "cat@2x.png"; sourceTree = "<group>"; };
		AEDF66F81AF5C68E0021C01F /* enemy.png */ = {isa = PBXFileReference; lastKnownFileType = image.png; path = enemy.png; sourceTree = "<group>"; };
		AEDF66F91AF5C68E0021C01F /* enemy@2x.png */ = {isa = PBXFileReference; lastKnownFileType = image.png; path = "enemy@2x.png"; sourceTree = "<group>"; };
		AEDF66FA1AF5C68E0021C01F /* zombie1.png */ = {isa = PBXFileReference; lastKnownFileType = image.png; path = zombie1.png; sourceTree = "<group>"; };
		AEDF66FB1AF5C68E0021C01F /* zombie1@2x.png */ = {isa = PBXFileReference; lastKnownFileType = image.png; path = "zombie1@2x.png"; sourceTree = "<group>"; };
		AEDF66FC1AF5C68E0021C01F /* zombie2.png */ = {isa = PBXFileReference; lastKnownFileType = image.png; path = zombie2.png; sourceTree = "<group>"; };
		AEDF66FD1AF5C68E0021C01F /* zombie2@2x.png */ = {isa = PBXFileReference; lastKnownFileType = image.png; path = "zombie2@2x.png"; sourceTree = "<group>"; };
		AEDF66FE1AF5C68E0021C01F /* zombie3.png */ = {isa = PBXFileReference; lastKnownFileType = image.png; path = zombie3.png; sourceTree = "<group>"; };
		AEDF66FF1AF5C68E0021C01F /* zombie3@2x.png */ = {isa = PBXFileReference; lastKnownFileType = image.png; path = "zombie3@2x.png"; sourceTree = "<group>"; };
		AEDF67001AF5C68E0021C01F /* zombie4.png */ = {isa = PBXFileReference; lastKnownFileType = image.png; path = zombie4.png; sourceTree = "<group>"; };
		AEDF67011AF5C68E0021C01F /* zombie4@2x.png */ = {isa = PBXFileReference; lastKnownFileType = image.png; path = "zombie4@2x.png"; sourceTree = "<group>"; };
/* End PBXFileReference section */

/* Begin PBXFrameworksBuildPhase section */
		AEDF66B21AF4A3300021C01F /* Frameworks */ = {
			isa = PBXFrameworksBuildPhase;
			buildActionMask = 2147483647;
			files = (
			);
			runOnlyForDeploymentPostprocessing = 0;
		};
		AEDF66D01AF4A3300021C01F /* Frameworks */ = {
			isa = PBXFrameworksBuildPhase;
			buildActionMask = 2147483647;
			files = (
			);
			runOnlyForDeploymentPostprocessing = 0;
		};
/* End PBXFrameworksBuildPhase section */

/* Begin PBXGroup section */
		AEDF66AC1AF4A3300021C01F = {
			isa = PBXGroup;
			children = (
				AEDF66B71AF4A3300021C01F /* Zombie Conga */,
				AEDF66D61AF4A3300021C01F /* Zombie CongaTests */,
				AEDF66B61AF4A3300021C01F /* Products */,
			);
			sourceTree = "<group>";
		};
		AEDF66B61AF4A3300021C01F /* Products */ = {
			isa = PBXGroup;
			children = (
				AEDF66B51AF4A3300021C01F /* Zombie Conga.app */,
				AEDF66D31AF4A3300021C01F /* Zombie CongaTests.xctest */,
			);
			name = Products;
			sourceTree = "<group>";
		};
		AEDF66B71AF4A3300021C01F /* Zombie Conga */ = {
			isa = PBXGroup;
			children = (
				AEDF66E31AF5C68E0021C01F /* Art */,
				AEDF66BC1AF4A3300021C01F /* AppDelegate.h */,
				AEDF66BD1AF4A3300021C01F /* AppDelegate.m */,
				AEDF66BF1AF4A3300021C01F /* GameScene.h */,
				AEDF66C01AF4A3300021C01F /* GameScene.m */,
				AEDF66C21AF4A3300021C01F /* GameScene.sks */,
				AEDF66C41AF4A3300021C01F /* GameViewController.h */,
				AEDF66C51AF4A3300021C01F /* GameViewController.m */,
				AEDF66C71AF4A3300021C01F /* Main.storyboard */,
				AEDF66CA1AF4A3300021C01F /* Images.xcassets */,
				AEDF66CC1AF4A3300021C01F /* LaunchScreen.xib */,
				AEDF66B81AF4A3300021C01F /* Supporting Files */,
			);
			path = "Zombie Conga";
			sourceTree = "<group>";
		};
		AEDF66B81AF4A3300021C01F /* Supporting Files */ = {
			isa = PBXGroup;
			children = (
				AEDF66B91AF4A3300021C01F /* Info.plist */,
				AEDF66BA1AF4A3300021C01F /* main.m */,
			);
			name = "Supporting Files";
			sourceTree = "<group>";
		};
		AEDF66D61AF4A3300021C01F /* Zombie CongaTests */ = {
			isa = PBXGroup;
			children = (
				AEDF66D91AF4A3300021C01F /* Zombie_CongaTests.m */,
				AEDF66D71AF4A3300021C01F /* Supporting Files */,
			);
			path = "Zombie CongaTests";
			sourceTree = "<group>";
		};
		AEDF66D71AF4A3300021C01F /* Supporting Files */ = {
			isa = PBXGroup;
			children = (
				AEDF66D81AF4A3300021C01F /* Info.plist */,
			);
			name = "Supporting Files";
			sourceTree = "<group>";
		};
		AEDF66E31AF5C68E0021C01F /* Art */ = {
			isa = PBXGroup;
			children = (
				AEDF66E41AF5C68E0021C01F /* Backgrounds */,
				AEDF66EF1AF5C68E0021C01F /* Sounds */,
				AEDF66F51AF5C68E0021C01F /* sprites */,
			);
			path = Art;
			sourceTree = "<group>";
		};
		AEDF66E41AF5C68E0021C01F /* Backgrounds */ = {
			isa = PBXGroup;
			children = (
				AEDF66E51AF5C68E0021C01F /* background (Charlie Fulton's conflicted copy 2013-10-22).png */,
				AEDF66E61AF5C68E0021C01F /* background.png */,
				AEDF66E71AF5C68E0021C01F /* background@2x (Charlie Fulton's conflicted copy 2013-10-22).png */,
				AEDF66E81AF5C68E0021C01F /* background@2x.png */,
				AEDF66E91AF5C68E0021C01F /* MainMenu.png */,
				AEDF66EA1AF5C68E0021C01F /* MainMenu@2x.png */,
				AEDF66EB1AF5C68E0021C01F /* YouLose.png */,
				AEDF66EC1AF5C68E0021C01F /* YouLose@2x.png */,
				AEDF66ED1AF5C68E0021C01F /* YouWin.png */,
				AEDF66EE1AF5C68E0021C01F /* YouWin@2x.png */,
			);
			path = Backgrounds;
			sourceTree = "<group>";
		};
		AEDF66EF1AF5C68E0021C01F /* Sounds */ = {
			isa = PBXGroup;
			children = (
				AEDF66F01AF5C68E0021C01F /* bgMusic.mp3 */,
				AEDF66F11AF5C68E0021C01F /* hitCat.wav */,
				AEDF66F21AF5C68E0021C01F /* hitCatLady.wav */,
				AEDF66F31AF5C68E0021C01F /* lose.wav */,
				AEDF66F41AF5C68E0021C01F /* win.wav */,
			);
			path = Sounds;
			sourceTree = "<group>";
		};
		AEDF66F51AF5C68E0021C01F /* sprites */ = {
			isa = PBXGroup;
			children = (
				AEDF66F61AF5C68E0021C01F /* cat.png */,
				AEDF66F71AF5C68E0021C01F /* cat@2x.png */,
				AEDF66F81AF5C68E0021C01F /* enemy.png */,
				AEDF66F91AF5C68E0021C01F /* enemy@2x.png */,
				AEDF66FA1AF5C68E0021C01F /* zombie1.png */,
				AEDF66FB1AF5C68E0021C01F /* zombie1@2x.png */,
				AEDF66FC1AF5C68E0021C01F /* zombie2.png */,
				AEDF66FD1AF5C68E0021C01F /* zombie2@2x.png */,
				AEDF66FE1AF5C68E0021C01F /* zombie3.png */,
				AEDF66FF1AF5C68E0021C01F /* zombie3@2x.png */,
				AEDF67001AF5C68E0021C01F /* zombie4.png */,
				AEDF67011AF5C68E0021C01F /* zombie4@2x.png */,
			);
			path = sprites;
			sourceTree = "<group>";
		};
/* End PBXGroup section */

/* Begin PBXNativeTarget section */
		AEDF66B41AF4A3300021C01F /* Zombie Conga */ = {
			isa = PBXNativeTarget;
			buildConfigurationList = AEDF66DD1AF4A3300021C01F /* Build configuration list for PBXNativeTarget "Zombie Conga" */;
			buildPhases = (
				AEDF66B11AF4A3300021C01F /* Sources */,
				AEDF66B21AF4A3300021C01F /* Frameworks */,
				AEDF66B31AF4A3300021C01F /* Resources */,
			);
			buildRules = (
			);
			dependencies = (
			);
			name = "Zombie Conga";
			productName = "Zombie Conga";
			productReference = AEDF66B51AF4A3300021C01F /* Zombie Conga.app */;
			productType = "com.apple.product-type.application";
		};
		AEDF66D21AF4A3300021C01F /* Zombie CongaTests */ = {
			isa = PBXNativeTarget;
			buildConfigurationList = AEDF66E01AF4A3300021C01F /* Build configuration list for PBXNativeTarget "Zombie CongaTests" */;
			buildPhases = (
				AEDF66CF1AF4A3300021C01F /* Sources */,
				AEDF66D01AF4A3300021C01F /* Frameworks */,
				AEDF66D11AF4A3300021C01F /* Resources */,
			);
			buildRules = (
			);
			dependencies = (
				AEDF66D51AF4A3300021C01F /* PBXTargetDependency */,
			);
			name = "Zombie CongaTests";
			productName = "Zombie CongaTests";
			productReference = AEDF66D31AF4A3300021C01F /* Zombie CongaTests.xctest */;
			productType = "com.apple.product-type.bundle.unit-test";
		};
/* End PBXNativeTarget section */

/* Begin PBXProject section */
		AEDF66AD1AF4A3300021C01F /* Project object */ = {
			isa = PBXProject;
			attributes = {
				LastUpgradeCheck = 0630;
				ORGANIZATIONNAME = IRONIC3D;
				TargetAttributes = {
					AEDF66B41AF4A3300021C01F = {
						CreatedOnToolsVersion = 6.3.1;
					};
					AEDF66D21AF4A3300021C01F = {
						CreatedOnToolsVersion = 6.3.1;
						TestTargetID = AEDF66B41AF4A3300021C01F;
					};
				};
			};
			buildConfigurationList = AEDF66B01AF4A3300021C01F /* Build configuration list for PBXProject "Zombie Conga" */;
			compatibilityVersion = "Xcode 3.2";
			developmentRegion = English;
			hasScannedForEncodings = 0;
			knownRegions = (
				en,
				Base,
			);
			mainGroup = AEDF66AC1AF4A3300021C01F;
			productRefGroup = AEDF66B61AF4A3300021C01F /* Products */;
			projectDirPath = "";
			projectRoot = "";
			targets = (
				AEDF66B41AF4A3300021C01F /* Zombie Conga */,
				AEDF66D21AF4A3300021C01F /* Zombie CongaTests */,
			);
		};
/* End PBXProject section */

/* Begin PBXResourcesBuildPhase section */
		AEDF66B31AF4A3300021C01F /* Resources */ = {
			isa = PBXResourcesBuildPhase;
			buildActionMask = 2147483647;
			files = (
				AEDF67021AF5C68E0021C01F /* background (Charlie Fulton's conflicted copy 2013-10-22).png in Resources */,
				AEDF67061AF5C68E0021C01F /* MainMenu.png in Resources */,
				AEDF67131AF5C68E0021C01F /* enemy.png in Resources */,
				AEDF670C1AF5C68E0021C01F /* bgMusic.mp3 in Resources */,
				AEDF671C1AF5C68E0021C01F /* zombie4@2x.png in Resources */,
				AEDF670D1AF5C68E0021C01F /* hitCat.wav in Resources */,
				AEDF67071AF5C68E0021C01F /* MainMenu@2x.png in Resources */,
				AEDF67031AF5C68E0021C01F /* background.png in Resources */,
				AEDF66CE1AF4A3300021C01F /* LaunchScreen.xib in Resources */,
				AEDF67041AF5C68E0021C01F /* background@2x (Charlie Fulton's conflicted copy 2013-10-22).png in Resources */,
				AEDF67081AF5C68E0021C01F /* YouLose.png in Resources */,
				AEDF67171AF5C68E0021C01F /* zombie2.png in Resources */,
				AEDF670B1AF5C68E0021C01F /* YouWin@2x.png in Resources */,
				AEDF67111AF5C68E0021C01F /* cat.png in Resources */,
				AEDF67091AF5C68E0021C01F /* YouLose@2x.png in Resources */,
				AEDF67181AF5C68E0021C01F /* zombie2@2x.png in Resources */,
				AEDF67151AF5C68E0021C01F /* zombie1.png in Resources */,
				AEDF671B1AF5C68E0021C01F /* zombie4.png in Resources */,
				AEDF670A1AF5C68E0021C01F /* YouWin.png in Resources */,
				AEDF67101AF5C68E0021C01F /* win.wav in Resources */,
				AEDF66CB1AF4A3300021C01F /* Images.xcassets in Resources */,
				AEDF67161AF5C68E0021C01F /* zombie1@2x.png in Resources */,
				AEDF67121AF5C68E0021C01F /* cat@2x.png in Resources */,
				AEDF66C31AF4A3300021C01F /* GameScene.sks in Resources */,
				AEDF67051AF5C68E0021C01F /* background@2x.png in Resources */,
				AEDF671A1AF5C68E0021C01F /* zombie3@2x.png in Resources */,
				AEDF670F1AF5C68E0021C01F /* lose.wav in Resources */,
				AEDF66C91AF4A3300021C01F /* Main.storyboard in Resources */,
				AEDF670E1AF5C68E0021C01F /* hitCatLady.wav in Resources */,
				AEDF67141AF5C68E0021C01F /* enemy@2x.png in Resources */,
				AEDF67191AF5C68E0021C01F /* zombie3.png in Resources */,
			);
			runOnlyForDeploymentPostprocessing = 0;
		};
		AEDF66D11AF4A3300021C01F /* Resources */ = {
			isa = PBXResourcesBuildPhase;
			buildActionMask = 2147483647;
			files = (
			);
			runOnlyForDeploymentPostprocessing = 0;
		};
/* End PBXResourcesBuildPhase section */

/* Begin PBXSourcesBuildPhase section */
		AEDF66B11AF4A3300021C01F /* Sources */ = {
			isa = PBXSourcesBuildPhase;
			buildActionMask = 2147483647;
			files = (
				AEDF66C61AF4A3300021C01F /* GameViewController.m in Sources */,
				AEDF66BE1AF4A3300021C01F /* AppDelegate.m in Sources */,
				AEDF66C11AF4A3300021C01F /* GameScene.m in Sources */,
				AEDF66BB1AF4A3300021C01F /* main.m in Sources */,
			);
			runOnlyForDeploymentPostprocessing = 0;
		};
		AEDF66CF1AF4A3300021C01F /* Sources */ = {
			isa = PBXSourcesBuildPhase;
			buildActionMask = 2147483647;
			files = (
				AEDF66DA1AF4A3300021C01F /* Zombie_CongaTests.m in Sources */,
			);
			runOnlyForDeploymentPostprocessing = 0;
		};
/* End PBXSourcesBuildPhase section */

/* Begin PBXTargetDependency section */
		AEDF66D51AF4A3300021C01F /* PBXTargetDependency */ = {
			isa = PBXTargetDependency;
			target = AEDF66B41AF4A3300021C01F /* Zombie Conga */;
			targetProxy = AEDF66D41AF4A3300021C01F /* PBXContainerItemProxy */;
		};
/* End PBXTargetDependency section */

/* Begin PBXVariantGroup section */
		AEDF66C71AF4A3300021C01F /* Main.storyboard */ = {
			isa = PBXVariantGroup;
			children = (
				AEDF66C81AF4A3300021C01F /* Base */,
			);
			name = Main.storyboard;
			sourceTree = "<group>";
		};
		AEDF66CC1AF4A3300021C01F /* LaunchScreen.xib */ = {
			isa = PBXVariantGroup;
			children = (
				AEDF66CD1AF4A3300021C01F /* Base */,
			);
			name = LaunchScreen.xib;
			sourceTree = "<group>";
		};
/* End PBXVariantGroup section */

/* Begin XCBuildConfiguration section */
		AEDF66DB1AF4A3300021C01F /* Debug */ = {
			isa = XCBuildConfiguration;
			buildSettings = {
				ALWAYS_SEARCH_USER_PATHS = NO;
				CLANG_CXX_LANGUAGE_STANDARD = "gnu++0x";
				CLANG_CXX_LIBRARY = "libc++";
				CLANG_ENABLE_MODULES = YES;
				CLANG_ENABLE_OBJC_ARC = YES;
				CLANG_WARN_BOOL_CONVERSION = YES;
				CLANG_WARN_CONSTANT_CONVERSION = YES;
				CLANG_WARN_DIRECT_OBJC_ISA_USAGE = YES_ERROR;
				CLANG_WARN_EMPTY_BODY = YES;
				CLANG_WARN_ENUM_CONVERSION = YES;
				CLANG_WARN_INT_CONVERSION = YES;
				CLANG_WARN_OBJC_ROOT_CLASS = YES_ERROR;
				CLANG_WARN_UNREACHABLE_CODE = YES;
				CLANG_WARN__DUPLICATE_METHOD_MATCH = YES;
				"CODE_SIGN_IDENTITY[sdk=iphoneos*]" = "iPhone Developer";
				COPY_PHASE_STRIP = NO;
				DEBUG_INFORMATION_FORMAT = "dwarf-with-dsym";
				ENABLE_STRICT_OBJC_MSGSEND = YES;
				GCC_C_LANGUAGE_STANDARD = gnu99;
				GCC_DYNAMIC_NO_PIC = NO;
				GCC_NO_COMMON_BLOCKS = YES;
				GCC_OPTIMIZATION_LEVEL = 0;
				GCC_PREPROCESSOR_DEFINITIONS = (
					"DEBUG=1",
					"$(inherited)",
				);
				GCC_SYMBOLS_PRIVATE_EXTERN = NO;
				GCC_WARN_64_TO_32_BIT_CONVERSION = YES;
				GCC_WARN_ABOUT_RETURN_TYPE = YES_ERROR;
				GCC_WARN_UNDECLARED_SELECTOR = YES;
				GCC_WARN_UNINITIALIZED_AUTOS = YES_AGGRESSIVE;
				GCC_WARN_UNUSED_FUNCTION = YES;
				GCC_WARN_UNUSED_VARIABLE = YES;
				IPHONEOS_DEPLOYMENT_TARGET = 8.3;
				MTL_ENABLE_DEBUG_INFO = YES;
				ONLY_ACTIVE_ARCH = YES;
				SDKROOT = iphoneos;
			};
			name = Debug;
		};
		AEDF66DC1AF4A3300021C01F /* Release */ = {
			isa = XCBuildConfiguration;
			buildSettings = {
				ALWAYS_SEARCH_USER_PATHS = NO;
				CLANG_CXX_LANGUAGE_STANDARD = "gnu++0x";
				CLANG_CXX_LIBRARY = "libc++";
				CLANG_ENABLE_MODULES = YES;
				CLANG_ENABLE_OBJC_ARC = YES;
				CLANG_WARN_BOOL_CONVERSION = YES;
				CLANG_WARN_CONSTANT_CONVERSION = YES;
				CLANG_WARN_DIRECT_OBJC_ISA_USAGE = YES_ERROR;
				CLANG_WARN_EMPTY_BODY = YES;
				CLANG_WARN_ENUM_CONVERSION = YES;
				CLANG_WARN_INT_CONVERSION = YES;
				CLANG_WARN_OBJC_ROOT_CLASS = YES_ERROR;
				CLANG_WARN_UNREACHABLE_CODE = YES;
				CLANG_WARN__DUPLICATE_METHOD_MATCH = YES;
				"CODE_SIGN_IDENTITY[sdk=iphoneos*]" = "iPhone Developer";
				COPY_PHASE_STRIP = NO;
				DEBUG_INFORMATION_FORMAT = "dwarf-with-dsym";
				ENABLE_NS_ASSERTIONS = NO;
				ENABLE_STRICT_OBJC_MSGSEND = YES;
				GCC_C_LANGUAGE_STANDARD = gnu99;
				GCC_NO_COMMON_BLOCKS = YES;
				GCC_WARN_64_TO_32_BIT_CONVERSION = YES;
				GCC_WARN_ABOUT_RETURN_TYPE = YES_ERROR;
				GCC_WARN_UNDECLARED_SELECTOR = YES;
				GCC_WARN_UNINITIALIZED_AUTOS = YES_AGGRESSIVE;
				GCC_WARN_UNUSED_FUNCTION = YES;
				GCC_WARN_UNUSED_VARIABLE = YES;
				IPHONEOS_DEPLOYMENT_TARGET = 8.3;
				MTL_ENABLE_DEBUG_INFO = NO;
				SDKROOT = iphoneos;
				VALIDATE_PRODUCT = YES;
			};
			name = Release;
		};
		AEDF66DE1AF4A3300021C01F /* Debug */ = {
			isa = XCBuildConfiguration;
			buildSettings = {
				ASSETCATALOG_COMPILER_APPICON_NAME = AppIcon;
				INFOPLIST_FILE = "Zombie Conga/Info.plist";
				LD_RUNPATH_SEARCH_PATHS = "$(inherited) @executable_path/Frameworks";
				PRODUCT_NAME = "$(TARGET_NAME)";
			};
			name = Debug;
		};
		AEDF66DF1AF4A3300021C01F /* Release */ = {
			isa = XCBuildConfiguration;
			buildSettings = {
				ASSETCATALOG_COMPILER_APPICON_NAME = AppIcon;
				INFOPLIST_FILE = "Zombie Conga/Info.plist";
				LD_RUNPATH_SEARCH_PATHS = "$(inherited) @executable_path/Frameworks";
				PRODUCT_NAME = "$(TARGET_NAME)";
			};
			name = Release;
		};
		AEDF66E11AF4A3300021C01F /* Debug */ = {
			isa = XCBuildConfiguration;
			buildSettings = {
				BUNDLE_LOADER = "$(TEST_HOST)";
				FRAMEWORK_SEARCH_PATHS = (
					"$(SDKROOT)/Developer/Library/Frameworks",
					"$(inherited)",
				);
				GCC_PREPROCESSOR_DEFINITIONS = (
					"DEBUG=1",
					"$(inherited)",
				);
				INFOPLIST_FILE = "Zombie CongaTests/Info.plist";
				LD_RUNPATH_SEARCH_PATHS = "$(inherited) @executable_path/Frameworks @loader_path/Frameworks";
				PRODUCT_NAME = "$(TARGET_NAME)";
				TEST_HOST = "$(BUILT_PRODUCTS_DIR)/Zombie Conga.app/Zombie Conga";
			};
			name = Debug;
		};
		AEDF66E21AF4A3300021C01F /* Release */ = {
			isa = XCBuildConfiguration;
			buildSettings = {
				BUNDLE_LOADER = "$(TEST_HOST)";
				FRAMEWORK_SEARCH_PATHS = (
					"$(SDKROOT)/Developer/Library/Frameworks",
					"$(inherited)",
				);
				INFOPLIST_FILE = "Zombie CongaTests/Info.plist";
				LD_RUNPATH_SEARCH_PATHS = "$(inherited) @executable_path/Frameworks @loader_path/Frameworks";
				PRODUCT_NAME = "$(TARGET_NAME)";
				TEST_HOST = "$(BUILT_PRODUCTS_DIR)/Zombie Conga.app/Zombie Conga";
			};
			name = Release;
		};
/* End XCBuildConfiguration section */

/* Begin XCConfigurationList section */
		AEDF66B01AF4A3300021C01F /* Build configuration list for PBXProject "Zombie Conga" */ = {
			isa = XCConfigurationList;
			buildConfigurations = (
				AEDF66DB1AF4A3300021C01F /* Debug */,
				AEDF66DC1AF4A3300021C01F /* Release */,
			);
			defaultConfigurationIsVisible = 0;
			defaultConfigurationName = Release;
		};
		AEDF66DD1AF4A3300021C01F /* Build configuration list for PBXNativeTarget "Zombie Conga" */ = {
			isa = XCConfigurationList;
			buildConfigurations = (
				AEDF66DE1AF4A3300021C01F /* Debug */,
				AEDF66DF1AF4A3300021C01F /* Release */,
			);
			defaultConfigurationIsVisible = 0;
		};
		AEDF66E01AF4A3300021C01F /* Build configuration list for PBXNativeTarget "Zombie CongaTests" */ = {
			isa = XCConfigurationList;
			buildConfigurations = (
				AEDF66E11AF4A3300021C01F /* Debug */,
				AEDF66E21AF4A3300021C01F /* Release */,
			);
			defaultConfigurationIsVisible = 0;
		};
/* End XCConfigurationList section */
	};
	rootObject = AEDF66AD1AF4A3300021C01F /* Project object */;
}
